
Microsoft Visual Studio Solution File, Format Version 12.00
# Visual Studio Version 17
VisualStudioVersion = 17.10.35013.160
MinimumVisualStudioVersion = 10.0.40219.1
Project("{FAE04EC0-301F-11D3-BF4B-00C04F79EFBC}") = "Aptek.Api", "Aptek.Api.csproj", "{DB62D9E2-9021-4442-964D-0E39D8E3B33A}"
EndProject
Project("{FAE04EC0-301F-11D3-BF4B-00C04F79EFBC}") = "Aptek.Api.Data", "..\Aptek.Api.Data\Aptek.Api.Data.csproj", "{423953C9-8540-4582-AE55-1447588F66DD}"
EndProject
Global
	GlobalSection(SolutionConfigurationPlatforms) = preSolution
		Debug|Any CPU = Debug|Any CPU
		Release|Any CPU = Release|Any CPU
	EndGlobalSection
	GlobalSection(ProjectConfigurationPlatforms) = postSolution
		{DB62D9E2-9021-4442-964D-0E39D8E3B33A}.Debug|Any CPU.ActiveCfg = Debug|Any CPU
		{DB62D9E2-9021-4442-964D-0E39D8E3B33A}.Debug|Any CPU.Build.0 = Debug|Any CPU
		{DB62D9E2-9021-4442-964D-0E39D8E3B33A}.Release|Any CPU.ActiveCfg = Release|Any CPU
		{DB62D9E2-9021-4442-964D-0E39D8E3B33A}.Release|Any CPU.Build.0 = Release|Any CPU
		{423953C9-8540-4582-AE55-1447588F66DD}.Debug|Any CPU.ActiveCfg = Debug|Any CPU
		{423953C9-8540-4582-AE55-1447588F66DD}.Debug|Any CPU.Build.0 = Debug|Any CPU
		{423953C9-8540-4582-AE55-1447588F66DD}.Release|Any CPU.ActiveCfg = Release|Any CPU
		{423953C9-8540-4582-AE55-1447588F66DD}.Release|Any CPU.Build.0 = Release|Any CPU
	EndGlobalSection
	GlobalSection(SolutionProperties) = preSolution
		HideSolutionNode = FALSE
	EndGlobalSection
	GlobalSection(ExtensibilityGlobals) = postSolution
		SolutionGuid = {64CC98A5-31CF-4AAE-9596-74C671925FF2}
	EndGlobalSection
EndGlobal
